
Microsoft Visual Studio Solution File, Format Version 12.00
# Visual Studio Version 17
VisualStudioVersion = 17.4.33205.214
MinimumVisualStudioVersion = 10.0.40219.1
Project("{FAE04EC0-301F-11D3-BF4B-00C04F79EFBC}") = "Delegate", "Delegate\Delegate.csproj", "{D289FB82-5FBC-4F5B-B00F-B6B35FF6670E}"
EndProject
Global
	GlobalSection(SolutionConfigurationPlatforms) = preSolution
		Debug|Any CPU = Debug|Any CPU
		Release|Any CPU = Release|Any CPU
	EndGlobalSection
	GlobalSection(ProjectConfigurationPlatforms) = postSolution
		{D289FB82-5FBC-4F5B-B00F-B6B35FF6670E}.Debug|Any CPU.ActiveCfg = Debug|Any CPU
		{D289FB82-5FBC-4F5B-B00F-B6B35FF6670E}.Debug|Any CPU.Build.0 = Debug|Any CPU
		{D289FB82-5FBC-4F5B-B00F-B6B35FF6670E}.Release|Any CPU.ActiveCfg = Release|Any CPU
		{D289FB82-5FBC-4F5B-B00F-B6B35FF6670E}.Release|Any CPU.Build.0 = Release|Any CPU
	EndGlobalSection
	GlobalSection(SolutionProperties) = preSolution
		HideSolutionNode = FALSE
	EndGlobalSection
	GlobalSection(ExtensibilityGlobals) = postSolution
		SolutionGuid = {335021F1-C4A6-4AC8-B32F-7D552A014F3C}
	EndGlobalSection
EndGlobal
